
Microsoft Visual Studio Solution File, Format Version 12.00
# Visual Studio Version 17
VisualStudioVersion = 17.2.32616.157
MinimumVisualStudioVersion = 10.0.40219.1
Project("{9A19103F-16F7-4668-BE54-9A1E7A4F7556}") = "AzureAdvertisingPortal (HTTP trigger)", "AzureAdvertisingPortal (HTTP trigger)\AzureAdvertisingPortal (HTTP trigger).csproj", "{A19FCF3B-B1C0-45DE-8A48-E58FF2E5BDEB}"
EndProject
Project("{9A19103F-16F7-4668-BE54-9A1E7A4F7556}") = "StorageTable", "StorageTable\StorageTable\StorageTable.csproj", "{821E1272-EDBE-47C4-ADE4-46469BD8A955}"
EndProject
Global
	GlobalSection(SolutionConfigurationPlatforms) = preSolution
		Debug|Any CPU = Debug|Any CPU
		Release|Any CPU = Release|Any CPU
	EndGlobalSection
	GlobalSection(ProjectConfigurationPlatforms) = postSolution
		{A19FCF3B-B1C0-45DE-8A48-E58FF2E5BDEB}.Debug|Any CPU.ActiveCfg = Debug|Any CPU
		{A19FCF3B-B1C0-45DE-8A48-E58FF2E5BDEB}.Debug|Any CPU.Build.0 = Debug|Any CPU
		{A19FCF3B-B1C0-45DE-8A48-E58FF2E5BDEB}.Release|Any CPU.ActiveCfg = Release|Any CPU
		{A19FCF3B-B1C0-45DE-8A48-E58FF2E5BDEB}.Release|Any CPU.Build.0 = Release|Any CPU
		{821E1272-EDBE-47C4-ADE4-46469BD8A955}.Debug|Any CPU.ActiveCfg = Debug|Any CPU
		{821E1272-EDBE-47C4-ADE4-46469BD8A955}.Debug|Any CPU.Build.0 = Debug|Any CPU
		{821E1272-EDBE-47C4-ADE4-46469BD8A955}.Release|Any CPU.ActiveCfg = Release|Any CPU
		{821E1272-EDBE-47C4-ADE4-46469BD8A955}.Release|Any CPU.Build.0 = Release|Any CPU
	EndGlobalSection
	GlobalSection(SolutionProperties) = preSolution
		HideSolutionNode = FALSE
	EndGlobalSection
	GlobalSection(ExtensibilityGlobals) = postSolution
		SolutionGuid = {BB7DE786-37E6-475D-9BDA-D73981B78B27}
	EndGlobalSection
EndGlobal
